github.com/joho/godotenv v1.5.1 h1:7eLL/+HRGLY0ldzfGMeQkb7vMd0as4CfYvUVzLqw0N0=
github.com/joho/godotenv v1.5.1/go.mod h1:f4LDr5Voq0i2e/R5DDNOoa2zzDfwtkZa6DnEwAbqwq4=
github.com/wneessen/go-mail v0.3.9 h1:Q4DbCk3htT5DtDWKeMgNXCiHc4bBY/vv/XQPT6XDXzc=
github.com/wneessen/go-mail v0.3.9/go.mod h1:zxOlafWCP/r6FEhAaRgH4IC1vg2YXxO0Nar9u0IScZ8=
